{
    "_readme": [
        "This file locks the dependencies of your project to a known state",
        "Read more about it at http://getcomposer.org/doc/01-basic-usage.md#composer-lock-the-lock-file"
    ],
    "hash": "da608c8dd8fcc580da9e4490afc973ae",
    "packages": [
        {
            "name": "facebook/php-sdk",
            "version": "dev-master",
            "source": {
                "type": "git",
                "url": "https://github.com/facebook/facebook-php-sdk.git",
                "reference": "16d696c138b82003177d0b4841a3e4652442e5b1"
            },
            "dist": {
                "type": "zip",
                "url": "https://api.github.com/repos/facebook/facebook-php-sdk/zipball/16d696c138b82003177d0b4841a3e4652442e5b1",
                "reference": "16d696c138b82003177d0b4841a3e4652442e5b1",
                "shasum": ""
            },
            "require": {
                "ext-curl": "*",
                "ext-json": "*",
                "php": ">=5.2.0"
            },
            "type": "library",
            "autoload": {
                "classmap": [
                    "src"
                ]
            },
            "notification-url": "https://packagist.org/downloads/",
            "license": [
                "Apache2"
            ],
            "authors": [
                {
                    "name": "Facebook",
                    "homepage": "https://github.com/facebook/facebook-php-sdk/contributors"
                }
            ],
            "description": "Facebook PHP SDK",
            "homepage": "https://github.com/facebook/facebook-php-sdk",
            "keywords": [
                "facebook",
                "sdk"
            ],
            "time": "2013-05-16 02:42:18"
        },
        {
            "name": "php-activerecord/php-activerecord",
            "version": "dev-master",
            "source": {
                "type": "git",
                "url": "https://github.com/kla/php-activerecord.git",
                "reference": "0100b0de53e91b1ac3951bdea050cfa18b587ba2"
            },
            "dist": {
                "type": "zip",
                "url": "https://api.github.com/repos/kla/php-activerecord/zipball/0100b0de53e91b1ac3951bdea050cfa18b587ba2",
                "reference": "0100b0de53e91b1ac3951bdea050cfa18b587ba2",
                "shasum": ""
            },
            "require": {
                "php": ">=5.3.0"
            },
            "type": "library",
            "autoload": {
                "files": [
                    "ActiveRecord.php"
                ]
            },
            "notification-url": "https://packagist.org/downloads/",
            "license": [
                "MIT"
            ],
            "description": "php-activerecord is an open source ORM library based on the ActiveRecord pattern.",
            "homepage": "http://www.phpactiverecord.org/",
            "keywords": [
                "activerecord",
                "orm"
            ],
            "time": "2013-05-07 20:57:49"
        },
        {
            "name": "slim/extras",
            "version": "dev-master",
            "target-dir": "Slim/Extras",
            "source": {
                "type": "git",
                "url": "https://github.com/codeguy/Slim-Extras.git",
                "reference": "59300d25d62f2f299b4065ed99eb71ca91f8a434"
            },
            "dist": {
                "type": "zip",
                "url": "https://api.github.com/repos/codeguy/Slim-Extras/zipball/59300d25d62f2f299b4065ed99eb71ca91f8a434",
                "reference": "59300d25d62f2f299b4065ed99eb71ca91f8a434",
                "shasum": ""
            },
            "require": {
                "php": ">=5.3.0",
                "slim/slim": ">=2.0.0"
            },
            "type": "library",
            "autoload": {
                "psr-0": {
                    "Twig_Extensions_": "Views/Extension/",
                    "Slim\\Extras": "."
                }
            },
            "notification-url": "https://packagist.org/downloads/",
            "license": [
                "MIT"
            ],
            "authors": [
                {
                    "name": "Andrew Smith",
                    "email": "a.smith@silentworks.co.uk",
                    "homepage": "http://thoughts.silentworks.co.uk/"
                },
                {
                    "name": "Josh Lockhart",
                    "email": "info@joshlockhart.com",
                    "homepage": "http://www.joshlockhart.com/"
                }
            ],
            "description": "Extras package for the Slim Framework",
            "homepage": "http://github.com/codeguy/Slim-Extras",
            "keywords": [
                "extensions",
                "middleware",
                "templating"
            ],
            "time": "2013-08-01 12:08:36"
        },
        {
            "name": "slim/slim",
            "version": "2.3.2",
            "source": {
                "type": "git",
                "url": "https://github.com/codeguy/Slim.git",
                "reference": "a9abd36d53d9c1f7732f490f8e809e55045307b3"
            },
            "dist": {
                "type": "zip",
                "url": "https://api.github.com/repos/codeguy/Slim/zipball/a9abd36d53d9c1f7732f490f8e809e55045307b3",
                "reference": "a9abd36d53d9c1f7732f490f8e809e55045307b3",
                "shasum": ""
            },
            "require": {
                "ext-mcrypt": "*",
                "php": ">=5.3.0"
            },
            "type": "library",
            "autoload": {
                "psr-0": {
                    "Slim": "."
                }
            },
            "notification-url": "https://packagist.org/downloads/",
            "license": [
                "MIT"
            ],
            "authors": [
                {
                    "name": "Josh Lockhart",
                    "email": "info@joshlockhart.com",
                    "homepage": "http://www.joshlockhart.com/"
                }
            ],
            "description": "Slim Framework, a PHP micro framework",
            "homepage": "http://github.com/codeguy/Slim",
            "keywords": [
                "microframework",
                "rest",
                "router"
            ],
            "time": "2013-09-29 19:46:31"
        },
        {
            "name": "symfony/yaml",
            "version": "dev-master",
            "target-dir": "Symfony/Component/Yaml",
            "source": {
                "type": "git",
                "url": "https://github.com/symfony/Yaml.git",
                "reference": "ef4878bcca171ebe7466be0505b85a710818d788"
            },
            "dist": {
                "type": "zip",
                "url": "https://api.github.com/repos/symfony/Yaml/zipball/ef4878bcca171ebe7466be0505b85a710818d788",
                "reference": "ef4878bcca171ebe7466be0505b85a710818d788",
                "shasum": ""
            },
            "require": {
                "php": ">=5.3.3"
            },
            "type": "library",
            "extra": {
                "branch-alias": {
                    "dev-master": "2.4-dev"
                }
            },
            "autoload": {
                "psr-0": {
                    "Symfony\\Component\\Yaml\\": ""
                }
            },
            "notification-url": "https://packagist.org/downloads/",
            "license": [
                "MIT"
            ],
            "authors": [
                {
                    "name": "Fabien Potencier",
                    "email": "fabien@symfony.com"
                },
                {
                    "name": "Symfony Community",
                    "homepage": "http://symfony.com/contributors"
                }
            ],
            "description": "Symfony Yaml Component",
            "homepage": "http://symfony.com",
            "time": "2013-09-22 18:04:51"
        },
        {
            "name": "twig/twig",
            "version": "dev-master",
            "source": {
                "type": "git",
                "url": "https://github.com/fabpot/Twig.git",
                "reference": "09c386b3359cc22b4112197c2d8c6d6f7a49c918"
            },
            "dist": {
                "type": "zip",
                "url": "https://api.github.com/repos/fabpot/Twig/zipball/09c386b3359cc22b4112197c2d8c6d6f7a49c918",
                "reference": "09c386b3359cc22b4112197c2d8c6d6f7a49c918",
                "shasum": ""
            },
            "require": {
                "php": ">=5.2.4"
            },
            "type": "library",
            "extra": {
                "branch-alias": {
                    "dev-master": "1.14-dev"
                }
            },
            "autoload": {
                "psr-0": {
                    "Twig_": "lib/"
                }
            },
            "notification-url": "https://packagist.org/downloads/",
            "license": [
                "BSD-3-Clause"
            ],
            "authors": [
                {
                    "name": "Fabien Potencier",
                    "email": "fabien@symfony.com"
                },
                {
                    "name": "Armin Ronacher",
                    "email": "armin.ronacher@active-4.com"
                }
            ],
            "description": "Twig, the flexible, fast, and secure template language for PHP",
            "homepage": "http://twig.sensiolabs.org",
            "keywords": [
                "templating"
            ],
            "time": "2013-10-07 10:00:50"
        }
    ],
    "packages-dev": [

    ],
    "aliases": [

    ],
    "minimum-stability": "stable",
    "stability-flags": {
        "facebook/php-sdk": 20,
        "php-activerecord/php-activerecord": 20,
        "symfony/yaml": 20,
        "slim/extras": 20,
        "twig/twig": 20
    },
    "platform": [

    ],
    "platform-dev": [

    ]
}
